
Microsoft Visual Studio Solution File, Format Version 12.00
# Visual Studio Version 17
VisualStudioVersion = 17.14.36811.4
MinimumVisualStudioVersion = 10.0.40219.1
Project("{FAE04EC0-301F-11D3-BF4B-00C04F79EFBC}") = "SB.SmartCertify.API", "SB.SmartCertify.API.csproj", "{F1ED2641-75DD-421A-8169-49FCEAB76BB2}"
EndProject
Project("{FAE04EC0-301F-11D3-BF4B-00C04F79EFBC}") = "SB.SmartCertify.Domain", "..\SB.SmartCertify.Domain\SB.SmartCertify.Domain.csproj", "{FA0E422F-3439-4BD6-A35A-1C608ED1ECD9}"
EndProject
Project("{FAE04EC0-301F-11D3-BF4B-00C04F79EFBC}") = "SB.SmartCertify.Application", "..\SB.SmartCertify.Application\SB.SmartCertify.Application.csproj", "{1E3E0378-7194-46DA-B65B-2818511279ED}"
EndProject
Project("{FAE04EC0-301F-11D3-BF4B-00C04F79EFBC}") = "SB.SmartCertify.Infrastructure", "..\SB.SmartCertify.Infrastructure\SB.SmartCertify.Infrastructure.csproj", "{D8690D84-03B8-461D-AD25-A03600D87EFA}"
EndProject
Project("{2150E333-8FDC-42A3-9474-1A3956D46DE8}") = "Docs", "Docs", "{02EA681E-C7D8-13C7-8484-4AC65E1B71E8}"
	ProjectSection(SolutionItems) = preProject
		AngularReadme.md = AngularReadme.md
		Idea.md = Idea.md
		SmartCertify.sql = SmartCertify.sql
	EndProjectSection
EndProject
Global
	GlobalSection(SolutionConfigurationPlatforms) = preSolution
		Debug|Any CPU = Debug|Any CPU
		Release|Any CPU = Release|Any CPU
	EndGlobalSection
	GlobalSection(ProjectConfigurationPlatforms) = postSolution
		{F1ED2641-75DD-421A-8169-49FCEAB76BB2}.Debug|Any CPU.ActiveCfg = Debug|Any CPU
		{F1ED2641-75DD-421A-8169-49FCEAB76BB2}.Debug|Any CPU.Build.0 = Debug|Any CPU
		{F1ED2641-75DD-421A-8169-49FCEAB76BB2}.Release|Any CPU.ActiveCfg = Release|Any CPU
		{F1ED2641-75DD-421A-8169-49FCEAB76BB2}.Release|Any CPU.Build.0 = Release|Any CPU
		{FA0E422F-3439-4BD6-A35A-1C608ED1ECD9}.Debug|Any CPU.ActiveCfg = Debug|Any CPU
		{FA0E422F-3439-4BD6-A35A-1C608ED1ECD9}.Debug|Any CPU.Build.0 = Debug|Any CPU
		{FA0E422F-3439-4BD6-A35A-1C608ED1ECD9}.Release|Any CPU.ActiveCfg = Release|Any CPU
		{FA0E422F-3439-4BD6-A35A-1C608ED1ECD9}.Release|Any CPU.Build.0 = Release|Any CPU
		{1E3E0378-7194-46DA-B65B-2818511279ED}.Debug|Any CPU.ActiveCfg = Debug|Any CPU
		{1E3E0378-7194-46DA-B65B-2818511279ED}.Debug|Any CPU.Build.0 = Debug|Any CPU
		{1E3E0378-7194-46DA-B65B-2818511279ED}.Release|Any CPU.ActiveCfg = Release|Any CPU
		{1E3E0378-7194-46DA-B65B-2818511279ED}.Release|Any CPU.Build.0 = Release|Any CPU
		{D8690D84-03B8-461D-AD25-A03600D87EFA}.Debug|Any CPU.ActiveCfg = Debug|Any CPU
		{D8690D84-03B8-461D-AD25-A03600D87EFA}.Debug|Any CPU.Build.0 = Debug|Any CPU
		{D8690D84-03B8-461D-AD25-A03600D87EFA}.Release|Any CPU.ActiveCfg = Release|Any CPU
		{D8690D84-03B8-461D-AD25-A03600D87EFA}.Release|Any CPU.Build.0 = Release|Any CPU
	EndGlobalSection
	GlobalSection(SolutionProperties) = preSolution
		HideSolutionNode = FALSE
	EndGlobalSection
	GlobalSection(ExtensibilityGlobals) = postSolution
		SolutionGuid = {4347BF2A-5DD5-457E-954E-B4A89446B20A}
	EndGlobalSection
EndGlobal
